
Microsoft Visual Studio Solution File, Format Version 12.00
# Visual Studio Version 17
VisualStudioVersion = 17.13.35931.197 d17.13
MinimumVisualStudioVersion = 10.0.40219.1
Project("{FAE04EC0-301F-11D3-BF4B-00C04F79EFBC}") = "NetCoreMVCLAB5", "NetCoreMVCLAB5\NetCoreMVCLAB5.csproj", "{AFB2D6EB-916C-4B1D-B5CC-7E18BA24208D}"
EndProject
Global
	GlobalSection(SolutionConfigurationPlatforms) = preSolution
		Debug|Any CPU = Debug|Any CPU
		Release|Any CPU = Release|Any CPU
	EndGlobalSection
	GlobalSection(ProjectConfigurationPlatforms) = postSolution
		{AFB2D6EB-916C-4B1D-B5CC-7E18BA24208D}.Debug|Any CPU.ActiveCfg = Debug|Any CPU
		{AFB2D6EB-916C-4B1D-B5CC-7E18BA24208D}.Debug|Any CPU.Build.0 = Debug|Any CPU
		{AFB2D6EB-916C-4B1D-B5CC-7E18BA24208D}.Release|Any CPU.ActiveCfg = Release|Any CPU
		{AFB2D6EB-916C-4B1D-B5CC-7E18BA24208D}.Release|Any CPU.Build.0 = Release|Any CPU
	EndGlobalSection
	GlobalSection(SolutionProperties) = preSolution
		HideSolutionNode = FALSE
	EndGlobalSection
	GlobalSection(ExtensibilityGlobals) = postSolution
		SolutionGuid = {38F0ED7D-4BE3-44AF-A904-16125AE15CCD}
	EndGlobalSection
EndGlobal
